// !$*UTF8*$!
{
	archiveVersion = 1;
	classes = {
	};
	objectVersion = 50;
	objects = {

/* Begin PBXBuildFile section */
		EE91868121CEA63C00929C38 /* UIViewController+Alert.swift in Sources */ = {isa = PBXBuildFile; fileRef = EE91868021CEA63C00929C38 /* UIViewController+Alert.swift */; };
		EE91868F21CEC6AF00929C38 /* CharacterCollectionViewRowCell.xib in Resources */ = {isa = PBXBuildFile; fileRef = EE91868E21CEC6AF00929C38 /* CharacterCollectionViewRowCell.xib */; };
		EE91869121CEC6C800929C38 /* CharacterCollectionViewRowCell.swift in Sources */ = {isa = PBXBuildFile; fileRef = EE91869021CEC6C800929C38 /* CharacterCollectionViewRowCell.swift */; };
		EE91869321CEC70B00929C38 /* CharacterCollectionViewItemCell.swift in Sources */ = {isa = PBXBuildFile; fileRef = EE91869221CEC70B00929C38 /* CharacterCollectionViewItemCell.swift */; };
		EE91869521CEC71E00929C38 /* CharacterCollectionViewItemCell.xib in Resources */ = {isa = PBXBuildFile; fileRef = EE91869421CEC71E00929C38 /* CharacterCollectionViewItemCell.xib */; };
		EE91869721CEC86200929C38 /* Assets.xcassets in Resources */ = {isa = PBXBuildFile; fileRef = EE91869621CEC86200929C38 /* Assets.xcassets */; };
		EED9F0CF21CDE91F00D0D912 /* BaseApp.framework in Frameworks */ = {isa = PBXBuildFile; fileRef = EED9F0C521CDE91E00D0D912 /* BaseApp.framework */; };
		EED9F0D421CDE91F00D0D912 /* BaseAppTests.swift in Sources */ = {isa = PBXBuildFile; fileRef = EED9F0D321CDE91F00D0D912 /* BaseAppTests.swift */; };
		EED9F0D621CDE91F00D0D912 /* BaseApp.h in Headers */ = {isa = PBXBuildFile; fileRef = EED9F0C821CDE91E00D0D912 /* BaseApp.h */; settings = {ATTRIBUTES = (Public, ); }; };
		EED9F0E021CDEACA00D0D912 /* Constants.swift in Sources */ = {isa = PBXBuildFile; fileRef = EED9F0DF21CDEACA00D0D912 /* Constants.swift */; };
		EED9F0E221CDEBAF00D0D912 /* CharacterRequestManager.swift in Sources */ = {isa = PBXBuildFile; fileRef = EED9F0E121CDEBAF00D0D912 /* CharacterRequestManager.swift */; };
		EED9F0F621CDF0E300D0D912 /* CharacterModel.swift in Sources */ = {isa = PBXBuildFile; fileRef = EED9F0EF21CDF0E200D0D912 /* CharacterModel.swift */; };
		EED9F0FA21CDF0E300D0D912 /* RelatedTopics.swift in Sources */ = {isa = PBXBuildFile; fileRef = EED9F0F321CDF0E200D0D912 /* RelatedTopics.swift */; };
		EED9F0FB21CDF0E300D0D912 /* Icon.swift in Sources */ = {isa = PBXBuildFile; fileRef = EED9F0F421CDF0E300D0D912 /* Icon.swift */; };
		EED9F0FE21CDF30C00D0D912 /* CharacterFactory.swift in Sources */ = {isa = PBXBuildFile; fileRef = EED9F0FD21CDF30C00D0D912 /* CharacterFactory.swift */; };
		EED9F10021CDF33700D0D912 /* SimpsonFactory.swift in Sources */ = {isa = PBXBuildFile; fileRef = EED9F0FF21CDF33700D0D912 /* SimpsonFactory.swift */; };
		EED9F10221CDF34C00D0D912 /* WireCharacterFactory.swift in Sources */ = {isa = PBXBuildFile; fileRef = EED9F10121CDF34C00D0D912 /* WireCharacterFactory.swift */; };
/* End PBXBuildFile section */

/* Begin PBXContainerItemProxy section */
		EED9F0D021CDE91F00D0D912 /* PBXContainerItemProxy */ = {
			isa = PBXContainerItemProxy;
			containerPortal = EED9F0BC21CDE91E00D0D912 /* Project object */;
			proxyType = 1;
			remoteGlobalIDString = EED9F0C421CDE91E00D0D912;
			remoteInfo = BaseApp;
		};
/* End PBXContainerItemProxy section */

/* Begin PBXFileReference section */
		EE91868021CEA63C00929C38 /* UIViewController+Alert.swift */ = {isa = PBXFileReference; lastKnownFileType = sourcecode.swift; path = "UIViewController+Alert.swift"; sourceTree = "<group>"; };
		EE91868E21CEC6AF00929C38 /* CharacterCollectionViewRowCell.xib */ = {isa = PBXFileReference; lastKnownFileType = file.xib; path = CharacterCollectionViewRowCell.xib; sourceTree = "<group>"; };
		EE91869021CEC6C800929C38 /* CharacterCollectionViewRowCell.swift */ = {isa = PBXFileReference; lastKnownFileType = sourcecode.swift; path = CharacterCollectionViewRowCell.swift; sourceTree = "<group>"; };
		EE91869221CEC70B00929C38 /* CharacterCollectionViewItemCell.swift */ = {isa = PBXFileReference; lastKnownFileType = sourcecode.swift; path = CharacterCollectionViewItemCell.swift; sourceTree = "<group>"; };
		EE91869421CEC71E00929C38 /* CharacterCollectionViewItemCell.xib */ = {isa = PBXFileReference; lastKnownFileType = file.xib; path = CharacterCollectionViewItemCell.xib; sourceTree = "<group>"; };
		EE91869621CEC86200929C38 /* Assets.xcassets */ = {isa = PBXFileReference; lastKnownFileType = folder.assetcatalog; path = Assets.xcassets; sourceTree = "<group>"; };
		EED9F0C521CDE91E00D0D912 /* BaseApp.framework */ = {isa = PBXFileReference; explicitFileType = wrapper.framework; includeInIndex = 0; path = BaseApp.framework; sourceTree = BUILT_PRODUCTS_DIR; };
		EED9F0C821CDE91E00D0D912 /* BaseApp.h */ = {isa = PBXFileReference; lastKnownFileType = sourcecode.c.h; path = BaseApp.h; sourceTree = "<group>"; };
		EED9F0C921CDE91E00D0D912 /* Info.plist */ = {isa = PBXFileReference; lastKnownFileType = text.plist.xml; path = Info.plist; sourceTree = "<group>"; };
		EED9F0CE21CDE91F00D0D912 /* BaseAppTests.xctest */ = {isa = PBXFileReference; explicitFileType = wrapper.cfbundle; includeInIndex = 0; path = BaseAppTests.xctest; sourceTree = BUILT_PRODUCTS_DIR; };
		EED9F0D321CDE91F00D0D912 /* BaseAppTests.swift */ = {isa = PBXFileReference; lastKnownFileType = sourcecode.swift; path = BaseAppTests.swift; sourceTree = "<group>"; };
		EED9F0D521CDE91F00D0D912 /* Info.plist */ = {isa = PBXFileReference; lastKnownFileType = text.plist.xml; path = Info.plist; sourceTree = "<group>"; };
		EED9F0DF21CDEACA00D0D912 /* Constants.swift */ = {isa = PBXFileReference; lastKnownFileType = sourcecode.swift; path = Constants.swift; sourceTree = "<group>"; };
		EED9F0E121CDEBAF00D0D912 /* CharacterRequestManager.swift */ = {isa = PBXFileReference; lastKnownFileType = sourcecode.swift; path = CharacterRequestManager.swift; sourceTree = "<group>"; };
		EED9F0EF21CDF0E200D0D912 /* CharacterModel.swift */ = {isa = PBXFileReference; fileEncoding = 4; lastKnownFileType = sourcecode.swift; path = CharacterModel.swift; sourceTree = "<group>"; };
		EED9F0F321CDF0E200D0D912 /* RelatedTopics.swift */ = {isa = PBXFileReference; fileEncoding = 4; lastKnownFileType = sourcecode.swift; path = RelatedTopics.swift; sourceTree = "<group>"; };
		EED9F0F421CDF0E300D0D912 /* Icon.swift */ = {isa = PBXFileReference; fileEncoding = 4; lastKnownFileType = sourcecode.swift; path = Icon.swift; sourceTree = "<group>"; };
		EED9F0FD21CDF30C00D0D912 /* CharacterFactory.swift */ = {isa = PBXFileReference; lastKnownFileType = sourcecode.swift; path = CharacterFactory.swift; sourceTree = "<group>"; };
		EED9F0FF21CDF33700D0D912 /* SimpsonFactory.swift */ = {isa = PBXFileReference; lastKnownFileType = sourcecode.swift; path = SimpsonFactory.swift; sourceTree = "<group>"; };
		EED9F10121CDF34C00D0D912 /* WireCharacterFactory.swift */ = {isa = PBXFileReference; lastKnownFileType = sourcecode.swift; path = WireCharacterFactory.swift; sourceTree = "<group>"; };
/* End PBXFileReference section */

/* Begin PBXFrameworksBuildPhase section */
		EED9F0C221CDE91E00D0D912 /* Frameworks */ = {
			isa = PBXFrameworksBuildPhase;
			buildActionMask = 2147483647;
			files = (
			);
			runOnlyForDeploymentPostprocessing = 0;
		};
		EED9F0CB21CDE91F00D0D912 /* Frameworks */ = {
			isa = PBXFrameworksBuildPhase;
			buildActionMask = 2147483647;
			files = (
				EED9F0CF21CDE91F00D0D912 /* BaseApp.framework in Frameworks */,
			);
			runOnlyForDeploymentPostprocessing = 0;
		};
/* End PBXFrameworksBuildPhase section */

/* Begin PBXGroup section */
		EE91867E21CEA5F700929C38 /* Application */ = {
			isa = PBXGroup;
			children = (
				EE91868421CEB8C000929C38 /* Character */,
				EED9F10321CE036B00D0D912 /* AppTypeFactory */,
				EED9F0DF21CDEACA00D0D912 /* Constants.swift */,
				EED9F0E121CDEBAF00D0D912 /* CharacterRequestManager.swift */,
				EE91869621CEC86200929C38 /* Assets.xcassets */,
			);
			path = Application;
			sourceTree = "<group>";
		};
		EE91867F21CEA62400929C38 /* Common */ = {
			isa = PBXGroup;
			children = (
				EE91868021CEA63C00929C38 /* UIViewController+Alert.swift */,
			);
			path = Common;
			sourceTree = "<group>";
		};
		EE91868421CEB8C000929C38 /* Character */ = {
			isa = PBXGroup;
			children = (
				EE91868921CEC60B00929C38 /* Views */,
			);
			path = Character;
			sourceTree = "<group>";
		};
		EE91868921CEC60B00929C38 /* Views */ = {
			isa = PBXGroup;
			children = (
				EE91869021CEC6C800929C38 /* CharacterCollectionViewRowCell.swift */,
				EE91868E21CEC6AF00929C38 /* CharacterCollectionViewRowCell.xib */,
				EE91869221CEC70B00929C38 /* CharacterCollectionViewItemCell.swift */,
				EE91869421CEC71E00929C38 /* CharacterCollectionViewItemCell.xib */,
			);
			path = Views;
			sourceTree = "<group>";
		};
		EED9F0BB21CDE91E00D0D912 = {
			isa = PBXGroup;
			children = (
				EED9F0C721CDE91E00D0D912 /* BaseApp */,
				EED9F0D221CDE91F00D0D912 /* BaseAppTests */,
				EED9F0C621CDE91E00D0D912 /* Products */,
			);
			sourceTree = "<group>";
		};
		EED9F0C621CDE91E00D0D912 /* Products */ = {
			isa = PBXGroup;
			children = (
				EED9F0C521CDE91E00D0D912 /* BaseApp.framework */,
				EED9F0CE21CDE91F00D0D912 /* BaseAppTests.xctest */,
			);
			name = Products;
			sourceTree = "<group>";
		};
		EED9F0C721CDE91E00D0D912 /* BaseApp */ = {
			isa = PBXGroup;
			children = (
				EE91867F21CEA62400929C38 /* Common */,
				EE91867E21CEA5F700929C38 /* Application */,
				EED9F0E321CDEBB600D0D912 /* Model */,
				EED9F0C821CDE91E00D0D912 /* BaseApp.h */,
				EED9F0C921CDE91E00D0D912 /* Info.plist */,
			);
			path = BaseApp;
			sourceTree = "<group>";
		};
		EED9F0D221CDE91F00D0D912 /* BaseAppTests */ = {
			isa = PBXGroup;
			children = (
				EED9F0D321CDE91F00D0D912 /* BaseAppTests.swift */,
				EED9F0D521CDE91F00D0D912 /* Info.plist */,
			);
			path = BaseAppTests;
			sourceTree = "<group>";
		};
		EED9F0E321CDEBB600D0D912 /* Model */ = {
			isa = PBXGroup;
			children = (
				EED9F0F421CDF0E300D0D912 /* Icon.swift */,
				EED9F0EF21CDF0E200D0D912 /* CharacterModel.swift */,
				EED9F0F321CDF0E200D0D912 /* RelatedTopics.swift */,
			);
			path = Model;
			sourceTree = "<group>";
		};
		EED9F10321CE036B00D0D912 /* AppTypeFactory */ = {
			isa = PBXGroup;
			children = (
				EED9F0FD21CDF30C00D0D912 /* CharacterFactory.swift */,
				EED9F0FF21CDF33700D0D912 /* SimpsonFactory.swift */,
				EED9F10121CDF34C00D0D912 /* WireCharacterFactory.swift */,
			);
			path = AppTypeFactory;
			sourceTree = "<group>";
		};
/* End PBXGroup section */

/* Begin PBXHeadersBuildPhase section */
		EED9F0C021CDE91E00D0D912 /* Headers */ = {
			isa = PBXHeadersBuildPhase;
			buildActionMask = 2147483647;
			files = (
				EED9F0D621CDE91F00D0D912 /* BaseApp.h in Headers */,
			);
			runOnlyForDeploymentPostprocessing = 0;
		};
/* End PBXHeadersBuildPhase section */

/* Begin PBXNativeTarget section */
		EED9F0C421CDE91E00D0D912 /* BaseApp */ = {
			isa = PBXNativeTarget;
			buildConfigurationList = EED9F0D921CDE91F00D0D912 /* Build configuration list for PBXNativeTarget "BaseApp" */;
			buildPhases = (
				EED9F0C021CDE91E00D0D912 /* Headers */,
				EED9F0C121CDE91E00D0D912 /* Sources */,
				EED9F0C221CDE91E00D0D912 /* Frameworks */,
				EED9F0C321CDE91E00D0D912 /* Resources */,
			);
			buildRules = (
			);
			dependencies = (
			);
			name = BaseApp;
			productName = BaseApp;
			productReference = EED9F0C521CDE91E00D0D912 /* BaseApp.framework */;
			productType = "com.apple.product-type.framework";
		};
		EED9F0CD21CDE91F00D0D912 /* BaseAppTests */ = {
			isa = PBXNativeTarget;
			buildConfigurationList = EED9F0DC21CDE91F00D0D912 /* Build configuration list for PBXNativeTarget "BaseAppTests" */;
			buildPhases = (
				EED9F0CA21CDE91F00D0D912 /* Sources */,
				EED9F0CB21CDE91F00D0D912 /* Frameworks */,
				EED9F0CC21CDE91F00D0D912 /* Resources */,
			);
			buildRules = (
			);
			dependencies = (
				EED9F0D121CDE91F00D0D912 /* PBXTargetDependency */,
			);
			name = BaseAppTests;
			productName = BaseAppTests;
			productReference = EED9F0CE21CDE91F00D0D912 /* BaseAppTests.xctest */;
			productType = "com.apple.product-type.bundle.unit-test";
		};
/* End PBXNativeTarget section */

/* Begin PBXProject section */
		EED9F0BC21CDE91E00D0D912 /* Project object */ = {
			isa = PBXProject;
			attributes = {
				LastSwiftUpdateCheck = 1010;
				LastUpgradeCheck = 1010;
				ORGANIZATIONNAME = "Harshit Singh";
				TargetAttributes = {
					EED9F0C421CDE91E00D0D912 = {
						CreatedOnToolsVersion = 10.1;
						LastSwiftMigration = 1010;
					};
					EED9F0CD21CDE91F00D0D912 = {
						CreatedOnToolsVersion = 10.1;
					};
				};
			};
			buildConfigurationList = EED9F0BF21CDE91E00D0D912 /* Build configuration list for PBXProject "BaseApp" */;
			compatibilityVersion = "Xcode 9.3";
			developmentRegion = en;
			hasScannedForEncodings = 0;
			knownRegions = (
				en,
			);
			mainGroup = EED9F0BB21CDE91E00D0D912;
			productRefGroup = EED9F0C621CDE91E00D0D912 /* Products */;
			projectDirPath = "";
			projectRoot = "";
			targets = (
				EED9F0C421CDE91E00D0D912 /* BaseApp */,
				EED9F0CD21CDE91F00D0D912 /* BaseAppTests */,
			);
		};
/* End PBXProject section */

/* Begin PBXResourcesBuildPhase section */
		EED9F0C321CDE91E00D0D912 /* Resources */ = {
			isa = PBXResourcesBuildPhase;
			buildActionMask = 2147483647;
			files = (
				EE91868F21CEC6AF00929C38 /* CharacterCollectionViewRowCell.xib in Resources */,
				EE91869721CEC86200929C38 /* Assets.xcassets in Resources */,
				EE91869521CEC71E00929C38 /* CharacterCollectionViewItemCell.xib in Resources */,
			);
			runOnlyForDeploymentPostprocessing = 0;
		};
		EED9F0CC21CDE91F00D0D912 /* Resources */ = {
			isa = PBXResourcesBuildPhase;
			buildActionMask = 2147483647;
			files = (
			);
			runOnlyForDeploymentPostprocessing = 0;
		};
/* End PBXResourcesBuildPhase section */

/* Begin PBXSourcesBuildPhase section */
		EED9F0C121CDE91E00D0D912 /* Sources */ = {
			isa = PBXSourcesBuildPhase;
			buildActionMask = 2147483647;
			files = (
				EE91868121CEA63C00929C38 /* UIViewController+Alert.swift in Sources */,
				EED9F0FA21CDF0E300D0D912 /* RelatedTopics.swift in Sources */,
				EED9F10221CDF34C00D0D912 /* WireCharacterFactory.swift in Sources */,
				EE91869121CEC6C800929C38 /* CharacterCollectionViewRowCell.swift in Sources */,
				EED9F10021CDF33700D0D912 /* SimpsonFactory.swift in Sources */,
				EED9F0E021CDEACA00D0D912 /* Constants.swift in Sources */,
				EE91869321CEC70B00929C38 /* CharacterCollectionViewItemCell.swift in Sources */,
				EED9F0E221CDEBAF00D0D912 /* CharacterRequestManager.swift in Sources */,
				EED9F0F621CDF0E300D0D912 /* CharacterModel.swift in Sources */,
				EED9F0FE21CDF30C00D0D912 /* CharacterFactory.swift in Sources */,
				EED9F0FB21CDF0E300D0D912 /* Icon.swift in Sources */,
			);
			runOnlyForDeploymentPostprocessing = 0;
		};
		EED9F0CA21CDE91F00D0D912 /* Sources */ = {
			isa = PBXSourcesBuildPhase;
			buildActionMask = 2147483647;
			files = (
				EED9F0D421CDE91F00D0D912 /* BaseAppTests.swift in Sources */,
			);
			runOnlyForDeploymentPostprocessing = 0;
		};
/* End PBXSourcesBuildPhase section */

/* Begin PBXTargetDependency section */
		EED9F0D121CDE91F00D0D912 /* PBXTargetDependency */ = {
			isa = PBXTargetDependency;
			target = EED9F0C421CDE91E00D0D912 /* BaseApp */;
			targetProxy = EED9F0D021CDE91F00D0D912 /* PBXContainerItemProxy */;
		};
/* End PBXTargetDependency section */

/* Begin XCBuildConfiguration section */
		EED9F0D721CDE91F00D0D912 /* Debug */ = {
			isa = XCBuildConfiguration;
			buildSettings = {
				ALWAYS_SEARCH_USER_PATHS = NO;
				CLANG_ANALYZER_NONNULL = YES;
				CLANG_ANALYZER_NUMBER_OBJECT_CONVERSION = YES_AGGRESSIVE;
				CLANG_CXX_LANGUAGE_STANDARD = "gnu++14";
				CLANG_CXX_LIBRARY = "libc++";
				CLANG_ENABLE_MODULES = YES;
				CLANG_ENABLE_OBJC_ARC = YES;
				CLANG_ENABLE_OBJC_WEAK = YES;
				CLANG_WARN_BLOCK_CAPTURE_AUTORELEASING = YES;
				CLANG_WARN_BOOL_CONVERSION = YES;
				CLANG_WARN_COMMA = YES;
				CLANG_WARN_CONSTANT_CONVERSION = YES;
				CLANG_WARN_DEPRECATED_OBJC_IMPLEMENTATIONS = YES;
				CLANG_WARN_DIRECT_OBJC_ISA_USAGE = YES_ERROR;
				CLANG_WARN_DOCUMENTATION_COMMENTS = YES;
				CLANG_WARN_EMPTY_BODY = YES;
				CLANG_WARN_ENUM_CONVERSION = YES;
				CLANG_WARN_INFINITE_RECURSION = YES;
				CLANG_WARN_INT_CONVERSION = YES;
				CLANG_WARN_NON_LITERAL_NULL_CONVERSION = YES;
				CLANG_WARN_OBJC_IMPLICIT_RETAIN_SELF = YES;
				CLANG_WARN_OBJC_LITERAL_CONVERSION = YES;
				CLANG_WARN_OBJC_ROOT_CLASS = YES_ERROR;
				CLANG_WARN_RANGE_LOOP_ANALYSIS = YES;
				CLANG_WARN_STRICT_PROTOTYPES = YES;
				CLANG_WARN_SUSPICIOUS_MOVE = YES;
				CLANG_WARN_UNGUARDED_AVAILABILITY = YES_AGGRESSIVE;
				CLANG_WARN_UNREACHABLE_CODE = YES;
				CLANG_WARN__DUPLICATE_METHOD_MATCH = YES;
				CODE_SIGN_IDENTITY = "iPhone Developer";
				COPY_PHASE_STRIP = NO;
				CURRENT_PROJECT_VERSION = 1;
				DEBUG_INFORMATION_FORMAT = dwarf;
				ENABLE_STRICT_OBJC_MSGSEND = YES;
				ENABLE_TESTABILITY = YES;
				GCC_C_LANGUAGE_STANDARD = gnu11;
				GCC_DYNAMIC_NO_PIC = NO;
				GCC_NO_COMMON_BLOCKS = YES;
				GCC_OPTIMIZATION_LEVEL = 0;
				GCC_PREPROCESSOR_DEFINITIONS = (
					"DEBUG=1",
					"$(inherited)",
				);
				GCC_WARN_64_TO_32_BIT_CONVERSION = YES;
				GCC_WARN_ABOUT_RETURN_TYPE = YES_ERROR;
				GCC_WARN_UNDECLARED_SELECTOR = YES;
				GCC_WARN_UNINITIALIZED_AUTOS = YES_AGGRESSIVE;
				GCC_WARN_UNUSED_FUNCTION = YES;
				GCC_WARN_UNUSED_VARIABLE = YES;
				IPHONEOS_DEPLOYMENT_TARGET = 11.4;
				MTL_ENABLE_DEBUG_INFO = INCLUDE_SOURCE;
				MTL_FAST_MATH = YES;
				ONLY_ACTIVE_ARCH = YES;
				SDKROOT = iphoneos;
				SWIFT_ACTIVE_COMPILATION_CONDITIONS = DEBUG;
				SWIFT_OPTIMIZATION_LEVEL = "-Onone";
				VERSIONING_SYSTEM = "apple-generic";
				VERSION_INFO_PREFIX = "";
			};
			name = Debug;
		};
		EED9F0D821CDE91F00D0D912 /* Release */ = {
			isa = XCBuildConfiguration;
			buildSettings = {
				ALWAYS_SEARCH_USER_PATHS = NO;
				CLANG_ANALYZER_NONNULL = YES;
				CLANG_ANALYZER_NUMBER_OBJECT_CONVERSION = YES_AGGRESSIVE;
				CLANG_CXX_LANGUAGE_STANDARD = "gnu++14";
				CLANG_CXX_LIBRARY = "libc++";
				CLANG_ENABLE_MODULES = YES;
				CLANG_ENABLE_OBJC_ARC = YES;
				CLANG_ENABLE_OBJC_WEAK = YES;
				CLANG_WARN_BLOCK_CAPTURE_AUTORELEASING = YES;
				CLANG_WARN_BOOL_CONVERSION = YES;
				CLANG_WARN_COMMA = YES;
				CLANG_WARN_CONSTANT_CONVERSION = YES;
				CLANG_WARN_DEPRECATED_OBJC_IMPLEMENTATIONS = YES;
				CLANG_WARN_DIRECT_OBJC_ISA_USAGE = YES_ERROR;
				CLANG_WARN_DOCUMENTATION_COMMENTS = YES;
				CLANG_WARN_EMPTY_BODY = YES;
				CLANG_WARN_ENUM_CONVERSION = YES;
				CLANG_WARN_INFINITE_RECURSION = YES;
				CLANG_WARN_INT_CONVERSION = YES;
				CLANG_WARN_NON_LITERAL_NULL_CONVERSION = YES;
				CLANG_WARN_OBJC_IMPLICIT_RETAIN_SELF = YES;
				CLANG_WARN_OBJC_LITERAL_CONVERSION = YES;
				CLANG_WARN_OBJC_ROOT_CLASS = YES_ERROR;
				CLANG_WARN_RANGE_LOOP_ANALYSIS = YES;
				CLANG_WARN_STRICT_PROTOTYPES = YES;
				CLANG_WARN_SUSPICIOUS_MOVE = YES;
				CLANG_WARN_UNGUARDED_AVAILABILITY = YES_AGGRESSIVE;
				CLANG_WARN_UNREACHABLE_CODE = YES;
				CLANG_WARN__DUPLICATE_METHOD_MATCH = YES;
				CODE_SIGN_IDENTITY = "iPhone Developer";
				COPY_PHASE_STRIP = NO;
				CURRENT_PROJECT_VERSION = 1;
				DEBUG_INFORMATION_FORMAT = "dwarf-with-dsym";
				ENABLE_NS_ASSERTIONS = NO;
				ENABLE_STRICT_OBJC_MSGSEND = YES;
				GCC_C_LANGUAGE_STANDARD = gnu11;
				GCC_NO_COMMON_BLOCKS = YES;
				GCC_WARN_64_TO_32_BIT_CONVERSION = YES;
				GCC_WARN_ABOUT_RETURN_TYPE = YES_ERROR;
				GCC_WARN_UNDECLARED_SELECTOR = YES;
				GCC_WARN_UNINITIALIZED_AUTOS = YES_AGGRESSIVE;
				GCC_WARN_UNUSED_FUNCTION = YES;
				GCC_WARN_UNUSED_VARIABLE = YES;
				IPHONEOS_DEPLOYMENT_TARGET = 11.4;
				MTL_ENABLE_DEBUG_INFO = NO;
				MTL_FAST_MATH = YES;
				SDKROOT = iphoneos;
				SWIFT_COMPILATION_MODE = wholemodule;
				SWIFT_OPTIMIZATION_LEVEL = "-O";
				VALIDATE_PRODUCT = YES;
				VERSIONING_SYSTEM = "apple-generic";
				VERSION_INFO_PREFIX = "";
			};
			name = Release;
		};
		EED9F0DA21CDE91F00D0D912 /* Debug */ = {
			isa = XCBuildConfiguration;
			buildSettings = {
				CLANG_ENABLE_MODULES = YES;
				CODE_SIGN_IDENTITY = "";
				CODE_SIGN_STYLE = Automatic;
				DEFINES_MODULE = YES;
				DEVELOPMENT_TEAM = 8DT27W9UTB;
				DYLIB_COMPATIBILITY_VERSION = 1;
				DYLIB_CURRENT_VERSION = 1;
				DYLIB_INSTALL_NAME_BASE = "@rpath";
				INFOPLIST_FILE = BaseApp/Info.plist;
				INSTALL_PATH = "$(LOCAL_LIBRARY_DIR)/Frameworks";
				IPHONEOS_DEPLOYMENT_TARGET = 11.4;
				LD_RUNPATH_SEARCH_PATHS = (
					"$(inherited)",
					"@executable_path/Frameworks",
					"@loader_path/Frameworks",
				);
				PRODUCT_BUNDLE_IDENTIFIER = com.base.dataViewer.BaseApp;
				PRODUCT_NAME = "$(TARGET_NAME:c99extidentifier)";
				SKIP_INSTALL = YES;
				SWIFT_OPTIMIZATION_LEVEL = "-Onone";
				SWIFT_VERSION = 4.2;
				TARGETED_DEVICE_FAMILY = "1,2";
			};
			name = Debug;
		};
		EED9F0DB21CDE91F00D0D912 /* Release */ = {
			isa = XCBuildConfiguration;
			buildSettings = {
				CLANG_ENABLE_MODULES = YES;
				CODE_SIGN_IDENTITY = "";
				CODE_SIGN_STYLE = Automatic;
				DEFINES_MODULE = YES;
				DEVELOPMENT_TEAM = 8DT27W9UTB;
				DYLIB_COMPATIBILITY_VERSION = 1;
				DYLIB_CURRENT_VERSION = 1;
				DYLIB_INSTALL_NAME_BASE = "@rpath";
				INFOPLIST_FILE = BaseApp/Info.plist;
				INSTALL_PATH = "$(LOCAL_LIBRARY_DIR)/Frameworks";
				IPHONEOS_DEPLOYMENT_TARGET = 11.4;
				LD_RUNPATH_SEARCH_PATHS = (
					"$(inherited)",
					"@executable_path/Frameworks",
					"@loader_path/Frameworks",
				);
				PRODUCT_BUNDLE_IDENTIFIER = com.base.dataViewer.BaseApp;
				PRODUCT_NAME = "$(TARGET_NAME:c99extidentifier)";
				SKIP_INSTALL = YES;
				SWIFT_VERSION = 4.2;
				TARGETED_DEVICE_FAMILY = "1,2";
			};
			name = Release;
		};
		EED9F0DD21CDE91F00D0D912 /* Debug */ = {
			isa = XCBuildConfiguration;
			buildSettings = {
				ALWAYS_EMBED_SWIFT_STANDARD_LIBRARIES = YES;
				CODE_SIGN_STYLE = Automatic;
				DEVELOPMENT_TEAM = 8DT27W9UTB;
				INFOPLIST_FILE = BaseAppTests/Info.plist;
				LD_RUNPATH_SEARCH_PATHS = (
					"$(inherited)",
					"@executable_path/Frameworks",
					"@loader_path/Frameworks",
				);
				PRODUCT_BUNDLE_IDENTIFIER = com.base.dataViewer.BaseAppTests;
				PRODUCT_NAME = "$(TARGET_NAME)";
				SWIFT_VERSION = 4.2;
				TARGETED_DEVICE_FAMILY = "1,2";
			};
			name = Debug;
		};
		EED9F0DE21CDE91F00D0D912 /* Release */ = {
			isa = XCBuildConfiguration;
			buildSettings = {
				ALWAYS_EMBED_SWIFT_STANDARD_LIBRARIES = YES;
				CODE_SIGN_STYLE = Automatic;
				DEVELOPMENT_TEAM = 8DT27W9UTB;
				INFOPLIST_FILE = BaseAppTests/Info.plist;
				LD_RUNPATH_SEARCH_PATHS = (
					"$(inherited)",
					"@executable_path/Frameworks",
					"@loader_path/Frameworks",
				);
				PRODUCT_BUNDLE_IDENTIFIER = com.base.dataViewer.BaseAppTests;
				PRODUCT_NAME = "$(TARGET_NAME)";
				SWIFT_VERSION = 4.2;
				TARGETED_DEVICE_FAMILY = "1,2";
			};
			name = Release;
		};
/* End XCBuildConfiguration section */

/* Begin XCConfigurationList section */
		EED9F0BF21CDE91E00D0D912 /* Build configuration list for PBXProject "BaseApp" */ = {
			isa = XCConfigurationList;
			buildConfigurations = (
				EED9F0D721CDE91F00D0D912 /* Debug */,
				EED9F0D821CDE91F00D0D912 /* Release */,
			);
			defaultConfigurationIsVisible = 0;
			defaultConfigurationName = Release;
		};
		EED9F0D921CDE91F00D0D912 /* Build configuration list for PBXNativeTarget "BaseApp" */ = {
			isa = XCConfigurationList;
			buildConfigurations = (
				EED9F0DA21CDE91F00D0D912 /* Debug */,
				EED9F0DB21CDE91F00D0D912 /* Release */,
			);
			defaultConfigurationIsVisible = 0;
			defaultConfigurationName = Release;
		};
		EED9F0DC21CDE91F00D0D912 /* Build configuration list for PBXNativeTarget "BaseAppTests" */ = {
			isa = XCConfigurationList;
			buildConfigurations = (
				EED9F0DD21CDE91F00D0D912 /* Debug */,
				EED9F0DE21CDE91F00D0D912 /* Release */,
			);
			defaultConfigurationIsVisible = 0;
			defaultConfigurationName = Release;
		};
/* End XCConfigurationList section */
	};
	rootObject = EED9F0BC21CDE91E00D0D912 /* Project object */;
}
